PODS:
  - FMDB (2.6.2):
    - FMDB/standard (= 2.6.2)
  - FMDB/standard (2.6.2)
  - GRMustache (7.3.2):
    - JRSwizzle (~> 1.0)
  - JRSwizzle (1.0)
  - Mapbox-iOS-SDK (1.6.1-Cabo):
    - FMDB (= 2.6.2)
    - GRMustache (= 7.3.2)
    - SMCalloutView (= 2.1.5)
  - SMCalloutView (2.1.5)

DEPENDENCIES:
  - Mapbox-iOS-SDK (from `../`)

SPEC REPOS:
  https://github.com/cocoapods/specs.git:
    - FMDB
    - GRMustache
    - JRSwizzle
    - SMCalloutView

EXTERNAL SOURCES:
  Mapbox-iOS-SDK:
    :path: "../"

SPEC CHECKSUMS:
  FMDB: 854a0341b4726e53276f2a8996f06f1b80f9259a
  GRMustache: ebe6104fd30a6d22c1f36af131e19e2dbf7cd292
  JRSwizzle: dd5ead5d913a0f29e7f558200165849f006bb1e3
  Mapbox-iOS-SDK: a9847031dc98e3ffc1ec74b37b697890fecac6db
  SMCalloutView: 5c0ee363dc8e7204b2fda17dfad38c93e9e23481

PODFILE CHECKSUM: bf911be7ea1313558a97e2b4a15d7ea87fdf025e

COCOAPODS: 1.6.0.beta.1
